
Microsoft Visual Studio Solution File, Format Version 12.00
# Visual Studio Version 16
VisualStudioVersion = 16.0.30503.244
MinimumVisualStudioVersion = 10.0.40219.1
Project("{FAE04EC0-301F-11D3-BF4B-00C04F79EFBC}") = "Entidades", "Entidades\Entidades.csproj", "{3B847382-9B1D-427B-9CD7-3FCDF928CC78}"
EndProject
Project("{FAE04EC0-301F-11D3-BF4B-00C04F79EFBC}") = "Test", "Test\Test.csproj", "{EBA46ACC-2F25-4DBF-AA4F-6726C5B9465E}"
EndProject
Project("{FAE04EC0-301F-11D3-BF4B-00C04F79EFBC}") = "FrmConcesionaria", "FrmConsecionaria\FrmConcesionaria.csproj", "{0CA73356-8AD2-417C-8D9D-4A8FAE262C73}"
EndProject
Project("{FAE04EC0-301F-11D3-BF4B-00C04F79EFBC}") = "TestUnitario", "TestUnitario\TestUnitario.csproj", "{2E6C8474-148A-4472-9698-52B8C81E755B}"
EndProject
Project("{FAE04EC0-301F-11D3-BF4B-00C04F79EFBC}") = "EntidadesExtension", "EntidadesExtension\EntidadesExtension.csproj", "{A642D18E-53CD-40C8-B45A-2168CE72737E}"
EndProject
Global
	GlobalSection(SolutionConfigurationPlatforms) = preSolution
		Debug|Any CPU = Debug|Any CPU
		Release|Any CPU = Release|Any CPU
	EndGlobalSection
	GlobalSection(ProjectConfigurationPlatforms) = postSolution
		{3B847382-9B1D-427B-9CD7-3FCDF928CC78}.Debug|Any CPU.ActiveCfg = Debug|Any CPU
		{3B847382-9B1D-427B-9CD7-3FCDF928CC78}.Debug|Any CPU.Build.0 = Debug|Any CPU
		{3B847382-9B1D-427B-9CD7-3FCDF928CC78}.Release|Any CPU.ActiveCfg = Release|Any CPU
		{3B847382-9B1D-427B-9CD7-3FCDF928CC78}.Release|Any CPU.Build.0 = Release|Any CPU
		{EBA46ACC-2F25-4DBF-AA4F-6726C5B9465E}.Debug|Any CPU.ActiveCfg = Debug|Any CPU
		{EBA46ACC-2F25-4DBF-AA4F-6726C5B9465E}.Debug|Any CPU.Build.0 = Debug|Any CPU
		{EBA46ACC-2F25-4DBF-AA4F-6726C5B9465E}.Release|Any CPU.ActiveCfg = Release|Any CPU
		{EBA46ACC-2F25-4DBF-AA4F-6726C5B9465E}.Release|Any CPU.Build.0 = Release|Any CPU
		{0CA73356-8AD2-417C-8D9D-4A8FAE262C73}.Debug|Any CPU.ActiveCfg = Debug|Any CPU
		{0CA73356-8AD2-417C-8D9D-4A8FAE262C73}.Debug|Any CPU.Build.0 = Debug|Any CPU
		{0CA73356-8AD2-417C-8D9D-4A8FAE262C73}.Release|Any CPU.ActiveCfg = Release|Any CPU
		{0CA73356-8AD2-417C-8D9D-4A8FAE262C73}.Release|Any CPU.Build.0 = Release|Any CPU
		{2E6C8474-148A-4472-9698-52B8C81E755B}.Debug|Any CPU.ActiveCfg = Debug|Any CPU
		{2E6C8474-148A-4472-9698-52B8C81E755B}.Debug|Any CPU.Build.0 = Debug|Any CPU
		{2E6C8474-148A-4472-9698-52B8C81E755B}.Release|Any CPU.ActiveCfg = Release|Any CPU
		{2E6C8474-148A-4472-9698-52B8C81E755B}.Release|Any CPU.Build.0 = Release|Any CPU
		{A642D18E-53CD-40C8-B45A-2168CE72737E}.Debug|Any CPU.ActiveCfg = Debug|Any CPU
		{A642D18E-53CD-40C8-B45A-2168CE72737E}.Debug|Any CPU.Build.0 = Debug|Any CPU
		{A642D18E-53CD-40C8-B45A-2168CE72737E}.Release|Any CPU.ActiveCfg = Release|Any CPU
		{A642D18E-53CD-40C8-B45A-2168CE72737E}.Release|Any CPU.Build.0 = Release|Any CPU
	EndGlobalSection
	GlobalSection(SolutionProperties) = preSolution
		HideSolutionNode = FALSE
	EndGlobalSection
	GlobalSection(ExtensibilityGlobals) = postSolution
		SolutionGuid = {3CE601F1-F132-4A9A-92FB-726B0E901825}
	EndGlobalSection
EndGlobal
